// !$*UTF8*$!
{
	archiveVersion = 1;
	classes = {
	};
	objectVersion = 50;
	objects = {

/* Begin PBXBuildFile section */
		C751B37E2BC509AD005E92BE /* TapViewController.swift in Sources */ = {isa = PBXBuildFile; fileRef = C751B37D2BC509AD005E92BE /* TapViewController.swift */; };
		C751B3812BC56EE0005E92BE /* STTLLoginViewController.swift in Sources */ = {isa = PBXBuildFile; fileRef = C751B3802BC56EE0005E92BE /* STTLLoginViewController.swift */; };
		C75BBA012BBEC14200727001 /* AppDelegate.swift in Sources */ = {isa = PBXBuildFile; fileRef = C75BBA002BBEC14200727001 /* AppDelegate.swift */; };
		C75BBA052BBEC14200727001 /* ViewController.swift in Sources */ = {isa = PBXBuildFile; fileRef = C75BBA042BBEC14200727001 /* ViewController.swift */; };
		C75BBA082BBEC14200727001 /* Main.storyboard in Resources */ = {isa = PBXBuildFile; fileRef = C75BBA062BBEC14200727001 /* Main.storyboard */; };
		C75BBA0A2BBEC14300727001 /* Assets.xcassets in Resources */ = {isa = PBXBuildFile; fileRef = C75BBA092BBEC14300727001 /* Assets.xcassets */; };
		C75BBA0D2BBEC14300727001 /* LaunchScreen.storyboard in Resources */ = {isa = PBXBuildFile; fileRef = C75BBA0B2BBEC14300727001 /* LaunchScreen.storyboard */; };
		C75D20FF2BC64C1300213AA4 /* Login_2_ViewController.swift in Sources */ = {isa = PBXBuildFile; fileRef = C75D20FE2BC64C1300213AA4 /* Login_2_ViewController.swift */; };
		C76497292BC4244300729694 /* Screen_2_ViewController.swift in Sources */ = {isa = PBXBuildFile; fileRef = C76497282BC4244300729694 /* Screen_2_ViewController.swift */; };
/* End PBXBuildFile section */

/* Begin PBXFileReference section */
		C751B37D2BC509AD005E92BE /* TapViewController.swift */ = {isa = PBXFileReference; lastKnownFileType = sourcecode.swift; name = TapViewController.swift; path = screen_1/TapViewController.swift; sourceTree = "<group>"; };
		C751B3802BC56EE0005E92BE /* STTLLoginViewController.swift */ = {isa = PBXFileReference; lastKnownFileType = sourcecode.swift; path = STTLLoginViewController.swift; sourceTree = "<group>"; };
		C75BB9FD2BBEC14200727001 /* screen_1.app */ = {isa = PBXFileReference; explicitFileType = wrapper.application; includeInIndex = 0; path = screen_1.app; sourceTree = BUILT_PRODUCTS_DIR; };
		C75BBA002BBEC14200727001 /* AppDelegate.swift */ = {isa = PBXFileReference; lastKnownFileType = sourcecode.swift; path = AppDelegate.swift; sourceTree = "<group>"; };
		C75BBA042BBEC14200727001 /* ViewController.swift */ = {isa = PBXFileReference; lastKnownFileType = sourcecode.swift; path = ViewController.swift; sourceTree = "<group>"; };
		C75BBA072BBEC14200727001 /* Base */ = {isa = PBXFileReference; lastKnownFileType = file.storyboard; name = Base; path = Base.lproj/Main.storyboard; sourceTree = "<group>"; };
		C75BBA092BBEC14300727001 /* Assets.xcassets */ = {isa = PBXFileReference; lastKnownFileType = folder.assetcatalog; path = Assets.xcassets; sourceTree = "<group>"; };
		C75BBA0C2BBEC14300727001 /* Base */ = {isa = PBXFileReference; lastKnownFileType = file.storyboard; name = Base; path = Base.lproj/LaunchScreen.storyboard; sourceTree = "<group>"; };
		C75BBA0E2BBEC14300727001 /* Info.plist */ = {isa = PBXFileReference; lastKnownFileType = text.plist.xml; path = Info.plist; sourceTree = "<group>"; };
		C75D20FE2BC64C1300213AA4 /* Login_2_ViewController.swift */ = {isa = PBXFileReference; lastKnownFileType = sourcecode.swift; path = Login_2_ViewController.swift; sourceTree = "<group>"; };
		C76497282BC4244300729694 /* Screen_2_ViewController.swift */ = {isa = PBXFileReference; lastKnownFileType = sourcecode.swift; path = Screen_2_ViewController.swift; sourceTree = "<group>"; };
/* End PBXFileReference section */

/* Begin PBXFrameworksBuildPhase section */
		C75BB9FA2BBEC14200727001 /* Frameworks */ = {
			isa = PBXFrameworksBuildPhase;
			buildActionMask = 2147483647;
			files = (
			);
			runOnlyForDeploymentPostprocessing = 0;
		};
/* End PBXFrameworksBuildPhase section */

/* Begin PBXGroup section */
		C75BB9F42BBEC14200727001 = {
			isa = PBXGroup;
			children = (
				C75D20FE2BC64C1300213AA4 /* Login_2_ViewController.swift */,
				C751B3802BC56EE0005E92BE /* STTLLoginViewController.swift */,
				C751B37D2BC509AD005E92BE /* TapViewController.swift */,
				C76497282BC4244300729694 /* Screen_2_ViewController.swift */,
				C75BB9FF2BBEC14200727001 /* screen_1 */,
				C75BB9FE2BBEC14200727001 /* Products */,
			);
			sourceTree = "<group>";
		};
		C75BB9FE2BBEC14200727001 /* Products */ = {
			isa = PBXGroup;
			children = (
				C75BB9FD2BBEC14200727001 /* screen_1.app */,
			);
			name = Products;
			sourceTree = "<group>";
		};
		C75BB9FF2BBEC14200727001 /* screen_1 */ = {
			isa = PBXGroup;
			children = (
				C75BBA002BBEC14200727001 /* AppDelegate.swift */,
				C75BBA042BBEC14200727001 /* ViewController.swift */,
				C75BBA062BBEC14200727001 /* Main.storyboard */,
				C75BBA092BBEC14300727001 /* Assets.xcassets */,
				C75BBA0B2BBEC14300727001 /* LaunchScreen.storyboard */,
				C75BBA0E2BBEC14300727001 /* Info.plist */,
			);
			path = screen_1;
			sourceTree = "<group>";
		};
/* End PBXGroup section */

/* Begin PBXNativeTarget section */
		C75BB9FC2BBEC14200727001 /* screen_1 */ = {
			isa = PBXNativeTarget;
			buildConfigurationList = C75BBA112BBEC14300727001 /* Build configuration list for PBXNativeTarget "screen_1" */;
			buildPhases = (
				C75BB9F92BBEC14200727001 /* Sources */,
				C75BB9FA2BBEC14200727001 /* Frameworks */,
				C75BB9FB2BBEC14200727001 /* Resources */,
			);
			buildRules = (
			);
			dependencies = (
			);
			name = screen_1;
			productName = screen_1;
			productReference = C75BB9FD2BBEC14200727001 /* screen_1.app */;
			productType = "com.apple.product-type.application";
		};
/* End PBXNativeTarget section */

/* Begin PBXProject section */
		C75BB9F52BBEC14200727001 /* Project object */ = {
			isa = PBXProject;
			attributes = {
				LastSwiftUpdateCheck = 1240;
				LastUpgradeCheck = 1240;
				TargetAttributes = {
					C75BB9FC2BBEC14200727001 = {
						CreatedOnToolsVersion = 12.4;
					};
				};
			};
			buildConfigurationList = C75BB9F82BBEC14200727001 /* Build configuration list for PBXProject "screen_1" */;
			compatibilityVersion = "Xcode 9.3";
			developmentRegion = en;
			hasScannedForEncodings = 0;
			knownRegions = (
				en,
				Base,
			);
			mainGroup = C75BB9F42BBEC14200727001;
			productRefGroup = C75BB9FE2BBEC14200727001 /* Products */;
			projectDirPath = "";
			projectRoot = "";
			targets = (
				C75BB9FC2BBEC14200727001 /* screen_1 */,
			);
		};
/* End PBXProject section */

/* Begin PBXResourcesBuildPhase section */
		C75BB9FB2BBEC14200727001 /* Resources */ = {
			isa = PBXResourcesBuildPhase;
			buildActionMask = 2147483647;
			files = (
				C75BBA0D2BBEC14300727001 /* LaunchScreen.storyboard in Resources */,
				C75BBA0A2BBEC14300727001 /* Assets.xcassets in Resources */,
				C75BBA082BBEC14200727001 /* Main.storyboard in Resources */,
			);
			runOnlyForDeploymentPostprocessing = 0;
		};
/* End PBXResourcesBuildPhase section */

/* Begin PBXSourcesBuildPhase section */
		C75BB9F92BBEC14200727001 /* Sources */ = {
			isa = PBXSourcesBuildPhase;
			buildActionMask = 2147483647;
			files = (
				C76497292BC4244300729694 /* Screen_2_ViewController.swift in Sources */,
				C75BBA052BBEC14200727001 /* ViewController.swift in Sources */,
				C751B37E2BC509AD005E92BE /* TapViewController.swift in Sources */,
				C75D20FF2BC64C1300213AA4 /* Login_2_ViewController.swift in Sources */,
				C75BBA012BBEC14200727001 /* AppDelegate.swift in Sources */,
				C751B3812BC56EE0005E92BE /* STTLLoginViewController.swift in Sources */,
			);
			runOnlyForDeploymentPostprocessing = 0;
		};
/* End PBXSourcesBuildPhase section */

/* Begin PBXVariantGroup section */
		C75BBA062BBEC14200727001 /* Main.storyboard */ = {
			isa = PBXVariantGroup;
			children = (
				C75BBA072BBEC14200727001 /* Base */,
			);
			name = Main.storyboard;
			sourceTree = "<group>";
		};
		C75BBA0B2BBEC14300727001 /* LaunchScreen.storyboard */ = {
			isa = PBXVariantGroup;
			children = (
				C75BBA0C2BBEC14300727001 /* Base */,
			);
			name = LaunchScreen.storyboard;
			sourceTree = "<group>";
		};
/* End PBXVariantGroup section */

/* Begin XCBuildConfiguration section */
		C75BBA0F2BBEC14300727001 /* Debug */ = {
			isa = XCBuildConfiguration;
			buildSettings = {
				ALWAYS_SEARCH_USER_PATHS = NO;
				CLANG_ANALYZER_NONNULL = YES;
				CLANG_ANALYZER_NUMBER_OBJECT_CONVERSION = YES_AGGRESSIVE;
				CLANG_CXX_LANGUAGE_STANDARD = "gnu++14";
				CLANG_CXX_LIBRARY = "libc++";
				CLANG_ENABLE_MODULES = YES;
				CLANG_ENABLE_OBJC_ARC = YES;
				CLANG_ENABLE_OBJC_WEAK = YES;
				CLANG_WARN_BLOCK_CAPTURE_AUTORELEASING = YES;
				CLANG_WARN_BOOL_CONVERSION = YES;
				CLANG_WARN_COMMA = YES;
				CLANG_WARN_CONSTANT_CONVERSION = YES;
				CLANG_WARN_DEPRECATED_OBJC_IMPLEMENTATIONS = YES;
				CLANG_WARN_DIRECT_OBJC_ISA_USAGE = YES_ERROR;
				CLANG_WARN_DOCUMENTATION_COMMENTS = YES;
				CLANG_WARN_EMPTY_BODY = YES;
				CLANG_WARN_ENUM_CONVERSION = YES;
				CLANG_WARN_INFINITE_RECURSION = YES;
				CLANG_WARN_INT_CONVERSION = YES;
				CLANG_WARN_NON_LITERAL_NULL_CONVERSION = YES;
				CLANG_WARN_OBJC_IMPLICIT_RETAIN_SELF = YES;
				CLANG_WARN_OBJC_LITERAL_CONVERSION = YES;
				CLANG_WARN_OBJC_ROOT_CLASS = YES_ERROR;
				CLANG_WARN_QUOTED_INCLUDE_IN_FRAMEWORK_HEADER = YES;
				CLANG_WARN_RANGE_LOOP_ANALYSIS = YES;
				CLANG_WARN_STRICT_PROTOTYPES = YES;
				CLANG_WARN_SUSPICIOUS_MOVE = YES;
				CLANG_WARN_UNGUARDED_AVAILABILITY = YES_AGGRESSIVE;
				CLANG_WARN_UNREACHABLE_CODE = YES;
				CLANG_WARN__DUPLICATE_METHOD_MATCH = YES;
				COPY_PHASE_STRIP = NO;
				DEBUG_INFORMATION_FORMAT = dwarf;
				ENABLE_STRICT_OBJC_MSGSEND = YES;
				ENABLE_TESTABILITY = YES;
				GCC_C_LANGUAGE_STANDARD = gnu11;
				GCC_DYNAMIC_NO_PIC = NO;
				GCC_NO_COMMON_BLOCKS = YES;
				GCC_OPTIMIZATION_LEVEL = 0;
				GCC_PREPROCESSOR_DEFINITIONS = (
					"DEBUG=1",
					"$(inherited)",
				);
				GCC_WARN_64_TO_32_BIT_CONVERSION = YES;
				GCC_WARN_ABOUT_RETURN_TYPE = YES_ERROR;
				GCC_WARN_UNDECLARED_SELECTOR = YES;
				GCC_WARN_UNINITIALIZED_AUTOS = YES_AGGRESSIVE;
				GCC_WARN_UNUSED_FUNCTION = YES;
				GCC_WARN_UNUSED_VARIABLE = YES;
				IPHONEOS_DEPLOYMENT_TARGET = 14.4;
				MTL_ENABLE_DEBUG_INFO = INCLUDE_SOURCE;
				MTL_FAST_MATH = YES;
				ONLY_ACTIVE_ARCH = YES;
				SDKROOT = iphoneos;
				SWIFT_ACTIVE_COMPILATION_CONDITIONS = DEBUG;
				SWIFT_OPTIMIZATION_LEVEL = "-Onone";
			};
			name = Debug;
		};
		C75BBA102BBEC14300727001 /* Release */ = {
			isa = XCBuildConfiguration;
			buildSettings = {
				ALWAYS_SEARCH_USER_PATHS = NO;
				CLANG_ANALYZER_NONNULL = YES;
				CLANG_ANALYZER_NUMBER_OBJECT_CONVERSION = YES_AGGRESSIVE;
				CLANG_CXX_LANGUAGE_STANDARD = "gnu++14";
				CLANG_CXX_LIBRARY = "libc++";
				CLANG_ENABLE_MODULES = YES;
				CLANG_ENABLE_OBJC_ARC = YES;
				CLANG_ENABLE_OBJC_WEAK = YES;
				CLANG_WARN_BLOCK_CAPTURE_AUTORELEASING = YES;
				CLANG_WARN_BOOL_CONVERSION = YES;
				CLANG_WARN_COMMA = YES;
				CLANG_WARN_CONSTANT_CONVERSION = YES;
				CLANG_WARN_DEPRECATED_OBJC_IMPLEMENTATIONS = YES;
				CLANG_WARN_DIRECT_OBJC_ISA_USAGE = YES_ERROR;
				CLANG_WARN_DOCUMENTATION_COMMENTS = YES;
				CLANG_WARN_EMPTY_BODY = YES;
				CLANG_WARN_ENUM_CONVERSION = YES;
				CLANG_WARN_INFINITE_RECURSION = YES;
				CLANG_WARN_INT_CONVERSION = YES;
				CLANG_WARN_NON_LITERAL_NULL_CONVERSION = YES;
				CLANG_WARN_OBJC_IMPLICIT_RETAIN_SELF = YES;
				CLANG_WARN_OBJC_LITERAL_CONVERSION = YES;
				CLANG_WARN_OBJC_ROOT_CLASS = YES_ERROR;
				CLANG_WARN_QUOTED_INCLUDE_IN_FRAMEWORK_HEADER = YES;
				CLANG_WARN_RANGE_LOOP_ANALYSIS = YES;
				CLANG_WARN_STRICT_PROTOTYPES = YES;
				CLANG_WARN_SUSPICIOUS_MOVE = YES;
				CLANG_WARN_UNGUARDED_AVAILABILITY = YES_AGGRESSIVE;
				CLANG_WARN_UNREACHABLE_CODE = YES;
				CLANG_WARN__DUPLICATE_METHOD_MATCH = YES;
				COPY_PHASE_STRIP = NO;
				DEBUG_INFORMATION_FORMAT = "dwarf-with-dsym";
				ENABLE_NS_ASSERTIONS = NO;
				ENABLE_STRICT_OBJC_MSGSEND = YES;
				GCC_C_LANGUAGE_STANDARD = gnu11;
				GCC_NO_COMMON_BLOCKS = YES;
				GCC_WARN_64_TO_32_BIT_CONVERSION = YES;
				GCC_WARN_ABOUT_RETURN_TYPE = YES_ERROR;
				GCC_WARN_UNDECLARED_SELECTOR = YES;
				GCC_WARN_UNINITIALIZED_AUTOS = YES_AGGRESSIVE;
				GCC_WARN_UNUSED_FUNCTION = YES;
				GCC_WARN_UNUSED_VARIABLE = YES;
				IPHONEOS_DEPLOYMENT_TARGET = 14.4;
				MTL_ENABLE_DEBUG_INFO = NO;
				MTL_FAST_MATH = YES;
				SDKROOT = iphoneos;
				SWIFT_COMPILATION_MODE = wholemodule;
				SWIFT_OPTIMIZATION_LEVEL = "-O";
				VALIDATE_PRODUCT = YES;
			};
			name = Release;
		};
		C75BBA122BBEC14300727001 /* Debug */ = {
			isa = XCBuildConfiguration;
			buildSettings = {
				ASSETCATALOG_COMPILER_APPICON_NAME = AppIcon;
				ASSETCATALOG_COMPILER_GLOBAL_ACCENT_COLOR_NAME = AccentColor;
				CODE_SIGN_STYLE = Automatic;
				INFOPLIST_FILE = screen_1/Info.plist;
				LD_RUNPATH_SEARCH_PATHS = (
					"$(inherited)",
					"@executable_path/Frameworks",
				);
				PRODUCT_BUNDLE_IDENTIFIER = "com.First.screen-1";
				PRODUCT_NAME = "$(TARGET_NAME)";
				SWIFT_VERSION = 5.0;
				TARGETED_DEVICE_FAMILY = 1;
			};
			name = Debug;
		};
		C75BBA132BBEC14300727001 /* Release */ = {
			isa = XCBuildConfiguration;
			buildSettings = {
				ASSETCATALOG_COMPILER_APPICON_NAME = AppIcon;
				ASSETCATALOG_COMPILER_GLOBAL_ACCENT_COLOR_NAME = AccentColor;
				CODE_SIGN_STYLE = Automatic;
				INFOPLIST_FILE = screen_1/Info.plist;
				LD_RUNPATH_SEARCH_PATHS = (
					"$(inherited)",
					"@executable_path/Frameworks",
				);
				PRODUCT_BUNDLE_IDENTIFIER = "com.First.screen-1";
				PRODUCT_NAME = "$(TARGET_NAME)";
				SWIFT_VERSION = 5.0;
				TARGETED_DEVICE_FAMILY = 1;
			};
			name = Release;
		};
/* End XCBuildConfiguration section */

/* Begin XCConfigurationList section */
		C75BB9F82BBEC14200727001 /* Build configuration list for PBXProject "screen_1" */ = {
			isa = XCConfigurationList;
			buildConfigurations = (
				C75BBA0F2BBEC14300727001 /* Debug */,
				C75BBA102BBEC14300727001 /* Release */,
			);
			defaultConfigurationIsVisible = 0;
			defaultConfigurationName = Release;
		};
		C75BBA112BBEC14300727001 /* Build configuration list for PBXNativeTarget "screen_1" */ = {
			isa = XCConfigurationList;
			buildConfigurations = (
				C75BBA122BBEC14300727001 /* Debug */,
				C75BBA132BBEC14300727001 /* Release */,
			);
			defaultConfigurationIsVisible = 0;
			defaultConfigurationName = Release;
		};
/* End XCConfigurationList section */
	};
	rootObject = C75BB9F52BBEC14200727001 /* Project object */;
}
